Microsoft Visual Studio Solution File, Format Version 11.00
# Visual Studio 2008

Project("{9DF8A993-84A3-30DA-9CE2-319ED38D5BFD}") = "CAP6121", "Assembly-CSharp-firstpass.csproj", "{94FB4D80-4144-DBE7-CD06-A2DBE01F88F2}"
EndProject
Project("{9DF8A993-84A3-30DA-9CE2-319ED38D5BFD}") = "CAP6121", "Assembly-CSharp.csproj", "{4F1142BF-5546-9853-3A8D-B2D250256C7D}"
EndProject
Project("{9DF8A993-84A3-30DA-9CE2-319ED38D5BFD}") = "CAP6121", "Assembly-CSharp-Editor-firstpass.csproj", "{62C97E3A-277B-9854-77BF-5B00E07972AD}"
EndProject
Project("{9DF8A993-84A3-30DA-9CE2-319ED38D5BFD}") = "CAP6121", "Assembly-CSharp-Editor.csproj", "{4EF21EA1-A9B8-4B9E-D23F-0334F28F0E02}"
EndProject
Global
	GlobalSection(SolutionConfigurationPlatforms) = preSolution
		Debug|Any CPU = Debug|Any CPU
		Release|Any CPU = Release|Any CPU
	EndGlobalSection
	GlobalSection(ProjectConfigurationPlatforms) = postSolution
		{94FB4D80-4144-DBE7-CD06-A2DBE01F88F2}.Debug|Any CPU.ActiveCfg = Debug|Any CPU
		{94FB4D80-4144-DBE7-CD06-A2DBE01F88F2}.Debug|Any CPU.Build.0 = Debug|Any CPU
		{94FB4D80-4144-DBE7-CD06-A2DBE01F88F2}.Release|Any CPU.ActiveCfg = Release|Any CPU
		{94FB4D80-4144-DBE7-CD06-A2DBE01F88F2}.Release|Any CPU.Build.0 = Release|Any CPU
		{4F1142BF-5546-9853-3A8D-B2D250256C7D}.Debug|Any CPU.ActiveCfg = Debug|Any CPU
		{4F1142BF-5546-9853-3A8D-B2D250256C7D}.Debug|Any CPU.Build.0 = Debug|Any CPU
		{4F1142BF-5546-9853-3A8D-B2D250256C7D}.Release|Any CPU.ActiveCfg = Release|Any CPU
		{4F1142BF-5546-9853-3A8D-B2D250256C7D}.Release|Any CPU.Build.0 = Release|Any CPU
		{62C97E3A-277B-9854-77BF-5B00E07972AD}.Debug|Any CPU.ActiveCfg = Debug|Any CPU
		{62C97E3A-277B-9854-77BF-5B00E07972AD}.Debug|Any CPU.Build.0 = Debug|Any CPU
		{62C97E3A-277B-9854-77BF-5B00E07972AD}.Release|Any CPU.ActiveCfg = Release|Any CPU
		{62C97E3A-277B-9854-77BF-5B00E07972AD}.Release|Any CPU.Build.0 = Release|Any CPU
		{4EF21EA1-A9B8-4B9E-D23F-0334F28F0E02}.Debug|Any CPU.ActiveCfg = Debug|Any CPU
		{4EF21EA1-A9B8-4B9E-D23F-0334F28F0E02}.Debug|Any CPU.Build.0 = Debug|Any CPU
		{4EF21EA1-A9B8-4B9E-D23F-0334F28F0E02}.Release|Any CPU.ActiveCfg = Release|Any CPU
		{4EF21EA1-A9B8-4B9E-D23F-0334F28F0E02}.Release|Any CPU.Build.0 = Release|Any CPU
	EndGlobalSection
	GlobalSection(SolutionProperties) = preSolution
		HideSolutionNode = FALSE
	EndGlobalSection
	GlobalSection(MonoDevelopProperties) = preSolution
		StartupItem = Assembly-CSharp.csproj
	EndGlobalSection
EndGlobal
